
Microsoft Visual Studio Solution File, Format Version 12.00
# Visual Studio 15
VisualStudioVersion = 15.0.26430.12
MinimumVisualStudioVersion = 10.0.40219.1
Project("{FAE04EC0-301F-11D3-BF4B-00C04F79EFBC}") = "MaasOne", "MaasOne\MaasOne.csproj", "{203E203C-9025-4D3F-BAD7-F36D53E8B9E7}"
EndProject
Project("{FAE04EC0-301F-11D3-BF4B-00C04F79EFBC}") = "MaasOne.Yahoo", "MaasOne.Yahoo\MaasOne.Yahoo.csproj", "{A3C55947-1D21-401B-802C-DBF156061B3E}"
EndProject
Project("{FAE04EC0-301F-11D3-BF4B-00C04F79EFBC}") = "AngularJSAuthentication.API", "AngularJSAuthentication.API\AngularJSAuthentication.API.csproj", "{1048A7F0-7617-4B04-9A0A-69A7083ECB10}"
EndProject
Project("{FAE04EC0-301F-11D3-BF4B-00C04F79EFBC}") = "Screen2.Entity", "Screen2.Entity\Screen2.Entity.csproj", "{BF030715-F2A8-4F1F-B36D-E2EF9D1DFA94}"
EndProject
Project("{00D1A9C2-B5F0-4AF3-8072-F6C62B433612}") = "Screen2.Database", "Screen2.Database\Screen2.Database.sqlproj", "{FD6EC410-7CA9-45FE-BD8A-8C3E5F8DC998}"
EndProject
Project("{FAE04EC0-301F-11D3-BF4B-00C04F79EFBC}") = "Screen2.Utils", "Screen2.Utils\Screen2.Utils.csproj", "{8987515A-66F8-42DC-B252-9B06CDB3DD6A}"
EndProject
Global
	GlobalSection(SolutionConfigurationPlatforms) = preSolution
		Debug|Any CPU = Debug|Any CPU
		Debug|x64 = Debug|x64
		Debug|x86 = Debug|x86
		Release|Any CPU = Release|Any CPU
		Release|x64 = Release|x64
		Release|x86 = Release|x86
	EndGlobalSection
	GlobalSection(ProjectConfigurationPlatforms) = postSolution
		{203E203C-9025-4D3F-BAD7-F36D53E8B9E7}.Debug|Any CPU.ActiveCfg = Debug|Any CPU
		{203E203C-9025-4D3F-BAD7-F36D53E8B9E7}.Debug|Any CPU.Build.0 = Debug|Any CPU
		{203E203C-9025-4D3F-BAD7-F36D53E8B9E7}.Debug|x64.ActiveCfg = Debug|x64
		{203E203C-9025-4D3F-BAD7-F36D53E8B9E7}.Debug|x64.Build.0 = Debug|x64
		{203E203C-9025-4D3F-BAD7-F36D53E8B9E7}.Debug|x86.ActiveCfg = Debug|x86
		{203E203C-9025-4D3F-BAD7-F36D53E8B9E7}.Debug|x86.Build.0 = Debug|x86
		{203E203C-9025-4D3F-BAD7-F36D53E8B9E7}.Release|Any CPU.ActiveCfg = Release|Any CPU
		{203E203C-9025-4D3F-BAD7-F36D53E8B9E7}.Release|Any CPU.Build.0 = Release|Any CPU
		{203E203C-9025-4D3F-BAD7-F36D53E8B9E7}.Release|x64.ActiveCfg = Release|x64
		{203E203C-9025-4D3F-BAD7-F36D53E8B9E7}.Release|x64.Build.0 = Release|x64
		{203E203C-9025-4D3F-BAD7-F36D53E8B9E7}.Release|x86.ActiveCfg = Release|x86
		{203E203C-9025-4D3F-BAD7-F36D53E8B9E7}.Release|x86.Build.0 = Release|x86
		{A3C55947-1D21-401B-802C-DBF156061B3E}.Debug|Any CPU.ActiveCfg = Debug|Any CPU
		{A3C55947-1D21-401B-802C-DBF156061B3E}.Debug|Any CPU.Build.0 = Debug|Any CPU
		{A3C55947-1D21-401B-802C-DBF156061B3E}.Debug|x64.ActiveCfg = Debug|x64
		{A3C55947-1D21-401B-802C-DBF156061B3E}.Debug|x64.Build.0 = Debug|x64
		{A3C55947-1D21-401B-802C-DBF156061B3E}.Debug|x86.ActiveCfg = Debug|x86
		{A3C55947-1D21-401B-802C-DBF156061B3E}.Debug|x86.Build.0 = Debug|x86
		{A3C55947-1D21-401B-802C-DBF156061B3E}.Release|Any CPU.ActiveCfg = Release|Any CPU
		{A3C55947-1D21-401B-802C-DBF156061B3E}.Release|Any CPU.Build.0 = Release|Any CPU
		{A3C55947-1D21-401B-802C-DBF156061B3E}.Release|x64.ActiveCfg = Release|x64
		{A3C55947-1D21-401B-802C-DBF156061B3E}.Release|x64.Build.0 = Release|x64
		{A3C55947-1D21-401B-802C-DBF156061B3E}.Release|x86.ActiveCfg = Release|x86
		{A3C55947-1D21-401B-802C-DBF156061B3E}.Release|x86.Build.0 = Release|x86
		{1048A7F0-7617-4B04-9A0A-69A7083ECB10}.Debug|Any CPU.ActiveCfg = Debug|Any CPU
		{1048A7F0-7617-4B04-9A0A-69A7083ECB10}.Debug|Any CPU.Build.0 = Debug|Any CPU
		{1048A7F0-7617-4B04-9A0A-69A7083ECB10}.Debug|x64.ActiveCfg = Debug|Any CPU
		{1048A7F0-7617-4B04-9A0A-69A7083ECB10}.Debug|x64.Build.0 = Debug|Any CPU
		{1048A7F0-7617-4B04-9A0A-69A7083ECB10}.Debug|x86.ActiveCfg = Debug|Any CPU
		{1048A7F0-7617-4B04-9A0A-69A7083ECB10}.Debug|x86.Build.0 = Debug|Any CPU
		{1048A7F0-7617-4B04-9A0A-69A7083ECB10}.Release|Any CPU.ActiveCfg = Release|Any CPU
		{1048A7F0-7617-4B04-9A0A-69A7083ECB10}.Release|Any CPU.Build.0 = Release|Any CPU
		{1048A7F0-7617-4B04-9A0A-69A7083ECB10}.Release|x64.ActiveCfg = Release|Any CPU
		{1048A7F0-7617-4B04-9A0A-69A7083ECB10}.Release|x64.Build.0 = Release|Any CPU
		{1048A7F0-7617-4B04-9A0A-69A7083ECB10}.Release|x86.ActiveCfg = Release|Any CPU
		{1048A7F0-7617-4B04-9A0A-69A7083ECB10}.Release|x86.Build.0 = Release|Any CPU
		{BF030715-F2A8-4F1F-B36D-E2EF9D1DFA94}.Debug|Any CPU.ActiveCfg = Debug|Any CPU
		{BF030715-F2A8-4F1F-B36D-E2EF9D1DFA94}.Debug|Any CPU.Build.0 = Debug|Any CPU
		{BF030715-F2A8-4F1F-B36D-E2EF9D1DFA94}.Debug|x64.ActiveCfg = Debug|Any CPU
		{BF030715-F2A8-4F1F-B36D-E2EF9D1DFA94}.Debug|x64.Build.0 = Debug|Any CPU
		{BF030715-F2A8-4F1F-B36D-E2EF9D1DFA94}.Debug|x86.ActiveCfg = Debug|Any CPU
		{BF030715-F2A8-4F1F-B36D-E2EF9D1DFA94}.Debug|x86.Build.0 = Debug|Any CPU
		{BF030715-F2A8-4F1F-B36D-E2EF9D1DFA94}.Release|Any CPU.ActiveCfg = Release|Any CPU
		{BF030715-F2A8-4F1F-B36D-E2EF9D1DFA94}.Release|Any CPU.Build.0 = Release|Any CPU
		{BF030715-F2A8-4F1F-B36D-E2EF9D1DFA94}.Release|x64.ActiveCfg = Release|Any CPU
		{BF030715-F2A8-4F1F-B36D-E2EF9D1DFA94}.Release|x64.Build.0 = Release|Any CPU
		{BF030715-F2A8-4F1F-B36D-E2EF9D1DFA94}.Release|x86.ActiveCfg = Release|Any CPU
		{BF030715-F2A8-4F1F-B36D-E2EF9D1DFA94}.Release|x86.Build.0 = Release|Any CPU
		{FD6EC410-7CA9-45FE-BD8A-8C3E5F8DC998}.Debug|Any CPU.ActiveCfg = Debug|Any CPU
		{FD6EC410-7CA9-45FE-BD8A-8C3E5F8DC998}.Debug|Any CPU.Build.0 = Debug|Any CPU
		{FD6EC410-7CA9-45FE-BD8A-8C3E5F8DC998}.Debug|Any CPU.Deploy.0 = Debug|Any CPU
		{FD6EC410-7CA9-45FE-BD8A-8C3E5F8DC998}.Debug|x64.ActiveCfg = Debug|Any CPU
		{FD6EC410-7CA9-45FE-BD8A-8C3E5F8DC998}.Debug|x64.Build.0 = Debug|Any CPU
		{FD6EC410-7CA9-45FE-BD8A-8C3E5F8DC998}.Debug|x64.Deploy.0 = Debug|Any CPU
		{FD6EC410-7CA9-45FE-BD8A-8C3E5F8DC998}.Debug|x86.ActiveCfg = Debug|Any CPU
		{FD6EC410-7CA9-45FE-BD8A-8C3E5F8DC998}.Debug|x86.Build.0 = Debug|Any CPU
		{FD6EC410-7CA9-45FE-BD8A-8C3E5F8DC998}.Debug|x86.Deploy.0 = Debug|Any CPU
		{FD6EC410-7CA9-45FE-BD8A-8C3E5F8DC998}.Release|Any CPU.ActiveCfg = Release|Any CPU
		{FD6EC410-7CA9-45FE-BD8A-8C3E5F8DC998}.Release|Any CPU.Build.0 = Release|Any CPU
		{FD6EC410-7CA9-45FE-BD8A-8C3E5F8DC998}.Release|Any CPU.Deploy.0 = Release|Any CPU
		{FD6EC410-7CA9-45FE-BD8A-8C3E5F8DC998}.Release|x64.ActiveCfg = Release|Any CPU
		{FD6EC410-7CA9-45FE-BD8A-8C3E5F8DC998}.Release|x64.Build.0 = Release|Any CPU
		{FD6EC410-7CA9-45FE-BD8A-8C3E5F8DC998}.Release|x64.Deploy.0 = Release|Any CPU
		{FD6EC410-7CA9-45FE-BD8A-8C3E5F8DC998}.Release|x86.ActiveCfg = Release|Any CPU
		{FD6EC410-7CA9-45FE-BD8A-8C3E5F8DC998}.Release|x86.Build.0 = Release|Any CPU
		{FD6EC410-7CA9-45FE-BD8A-8C3E5F8DC998}.Release|x86.Deploy.0 = Release|Any CPU
		{8987515A-66F8-42DC-B252-9B06CDB3DD6A}.Debug|Any CPU.ActiveCfg = Debug|Any CPU
		{8987515A-66F8-42DC-B252-9B06CDB3DD6A}.Debug|Any CPU.Build.0 = Debug|Any CPU
		{8987515A-66F8-42DC-B252-9B06CDB3DD6A}.Debug|x64.ActiveCfg = Debug|Any CPU
		{8987515A-66F8-42DC-B252-9B06CDB3DD6A}.Debug|x64.Build.0 = Debug|Any CPU
		{8987515A-66F8-42DC-B252-9B06CDB3DD6A}.Debug|x86.ActiveCfg = Debug|Any CPU
		{8987515A-66F8-42DC-B252-9B06CDB3DD6A}.Debug|x86.Build.0 = Debug|Any CPU
		{8987515A-66F8-42DC-B252-9B06CDB3DD6A}.Release|Any CPU.ActiveCfg = Release|Any CPU
		{8987515A-66F8-42DC-B252-9B06CDB3DD6A}.Release|Any CPU.Build.0 = Release|Any CPU
		{8987515A-66F8-42DC-B252-9B06CDB3DD6A}.Release|x64.ActiveCfg = Release|Any CPU
		{8987515A-66F8-42DC-B252-9B06CDB3DD6A}.Release|x64.Build.0 = Release|Any CPU
		{8987515A-66F8-42DC-B252-9B06CDB3DD6A}.Release|x86.ActiveCfg = Release|Any CPU
		{8987515A-66F8-42DC-B252-9B06CDB3DD6A}.Release|x86.Build.0 = Release|Any CPU
	EndGlobalSection
	GlobalSection(SolutionProperties) = preSolution
		HideSolutionNode = FALSE
	EndGlobalSection
EndGlobal
