
Microsoft Visual Studio Solution File, Format Version 12.00
# Visual Studio 14
VisualStudioVersion = 14.0.25420.1
MinimumVisualStudioVersion = 10.0.40219.1
Project("{FAE04EC0-301F-11D3-BF4B-00C04F79EFBC}") = "MaasOne", "MaasOne\MaasOne.csproj", "{203E203C-9025-4D3F-BAD7-F36D53E8B9E7}"
EndProject
Project("{FAE04EC0-301F-11D3-BF4B-00C04F79EFBC}") = "MaasOne.Yahoo", "MaasOne.Yahoo\MaasOne.Yahoo.csproj", "{A3C55947-1D21-401B-802C-DBF156061B3E}"
EndProject
Project("{FAE04EC0-301F-11D3-BF4B-00C04F79EFBC}") = "AngularJSAuthentication.API", "AngularJSAuthentication.API\AngularJSAuthentication.API.csproj", "{1048A7F0-7617-4B04-9A0A-69A7083ECB10}"
EndProject
Project("{FAE04EC0-301F-11D3-BF4B-00C04F79EFBC}") = "Screen2.Entity", "Screen2.Entity\Screen2.Entity.csproj", "{BF030715-F2A8-4F1F-B36D-E2EF9D1DFA94}"
EndProject
Project("{00D1A9C2-B5F0-4AF3-8072-F6C62B433612}") = "Screen2.Database", "Screen2.Database\Screen2.Database.sqlproj", "{FD6EC410-7CA9-45FE-BD8A-8C3E5F8DC998}"
EndProject
Project("{FAE04EC0-301F-11D3-BF4B-00C04F79EFBC}") = "Screen2.Utils", "Screen2.Utils\Screen2.Utils.csproj", "{8987515A-66F8-42DC-B252-9B06CDB3DD6A}"
EndProject
Project("{FAE04EC0-301F-11D3-BF4B-00C04F79EFBC}") = "Screen2.Utils.Test", "Screen2.Utils.Test\Screen2.Utils.Test.csproj", "{E08CD244-4DE0-42A3-8084-203302A37E75}"
EndProject
Project("{FAE04EC0-301F-11D3-BF4B-00C04F79EFBC}") = "Screen2.Shared", "Screen2.Shared\Screen2.Shared.csproj", "{F8B8E31B-958C-4D55-9A71-B734F5147FE5}"
EndProject
Project("{FAE04EC0-301F-11D3-BF4B-00C04F79EFBC}") = "Screen2AzureWeb", "Screen2AzureWeb\Screen2AzureWeb.csproj", "{6275BE7F-0B56-4365-9F25-0D6D3707F69F}"
EndProject
Project("{FAE04EC0-301F-11D3-BF4B-00C04F79EFBC}") = "Screen2.DAL", "Screen2.DAL\Screen2.DAL.csproj", "{E57E125B-0F46-4DEE-BC31-AD1B1E76EBC7}"
EndProject
Project("{FAE04EC0-301F-11D3-BF4B-00C04F79EFBC}") = "Screen2.DAL.Test", "Screen2.DAL.Test\Screen2.DAL.Test.csproj", "{FB7925A3-D54A-459C-A4EC-BC763C55F93D}"
EndProject
Project("{FAE04EC0-301F-11D3-BF4B-00C04F79EFBC}") = "Screen2.BLL", "Screen2.BLL\Screen2.BLL.csproj", "{3F772937-556D-4D1E-8EE3-2E68EACEAA81}"
EndProject
Project("{FAE04EC0-301F-11D3-BF4B-00C04F79EFBC}") = "Screen2.BLL.Test", "Screen2.BLL.Test\Screen2.BLL.Test.csproj", "{DA8D4376-3E49-4567-92C2-BD77913B40D9}"
EndProject
Project("{FAE04EC0-301F-11D3-BF4B-00C04F79EFBC}") = "Screen2.Indicator", "Screen2.Indicator\Screen2.Indicator.csproj", "{000925F7-9840-4F52-9E29-9C3D7C78D099}"
EndProject
Project("{FAE04EC0-301F-11D3-BF4B-00C04F79EFBC}") = "Screen2.Indicator.Test", "Screen2.Indicator.Test\Screen2.Indicator.Test.csproj", "{220858D8-DBA0-4CFD-B5E9-C11E4A0C1B37}"
EndProject
Project("{FAE04EC0-301F-11D3-BF4B-00C04F79EFBC}") = "Screen2.API", "Screen2.API\Screen2.API.csproj", "{DB11AA7C-71E7-4E9F-9EB5-911DD873F13F}"
EndProject
Project("{FAE04EC0-301F-11D3-BF4B-00C04F79EFBC}") = "Screen2.Service", "Screen2.Service\Screen2.Service.csproj", "{B35D3674-093D-4B16-BD0D-57AF7E60433D}"
EndProject
Project("{FAE04EC0-301F-11D3-BF4B-00C04F79EFBC}") = "Screen2.Hisotry.Loader", "Screen2.Hisotry.Loader\Screen2.Hisotry.Loader.csproj", "{D2B6D755-AE76-4389-B49F-8A7CBA1ECE26}"
EndProject
Project("{FAE04EC0-301F-11D3-BF4B-00C04F79EFBC}") = "Screen2.BLL.Tests", "Screen2.BLL.Tests\Screen2.BLL.Tests.csproj", "{F72093BB-B3A1-4BEC-BFB5-4090A088310F}"
EndProject
Project("{FAE04EC0-301F-11D3-BF4B-00C04F79EFBC}") = "Screen2.Tests", "Screen2.Tests\Screen2.Tests.csproj", "{8C67D585-B1E7-4600-8371-8CA37076EE47}"
EndProject
Global
	GlobalSection(SolutionConfigurationPlatforms) = preSolution
		Debug|Any CPU = Debug|Any CPU
		Debug|x64 = Debug|x64
		Debug|x86 = Debug|x86
		Release|Any CPU = Release|Any CPU
		Release|x64 = Release|x64
		Release|x86 = Release|x86
	EndGlobalSection
	GlobalSection(ProjectConfigurationPlatforms) = postSolution
		{203E203C-9025-4D3F-BAD7-F36D53E8B9E7}.Debug|Any CPU.ActiveCfg = Debug|Any CPU
		{203E203C-9025-4D3F-BAD7-F36D53E8B9E7}.Debug|Any CPU.Build.0 = Debug|Any CPU
		{203E203C-9025-4D3F-BAD7-F36D53E8B9E7}.Debug|x64.ActiveCfg = Debug|x64
		{203E203C-9025-4D3F-BAD7-F36D53E8B9E7}.Debug|x64.Build.0 = Debug|x64
		{203E203C-9025-4D3F-BAD7-F36D53E8B9E7}.Debug|x86.ActiveCfg = Debug|x86
		{203E203C-9025-4D3F-BAD7-F36D53E8B9E7}.Debug|x86.Build.0 = Debug|x86
		{203E203C-9025-4D3F-BAD7-F36D53E8B9E7}.Release|Any CPU.ActiveCfg = Release|Any CPU
		{203E203C-9025-4D3F-BAD7-F36D53E8B9E7}.Release|Any CPU.Build.0 = Release|Any CPU
		{203E203C-9025-4D3F-BAD7-F36D53E8B9E7}.Release|x64.ActiveCfg = Release|x64
		{203E203C-9025-4D3F-BAD7-F36D53E8B9E7}.Release|x64.Build.0 = Release|x64
		{203E203C-9025-4D3F-BAD7-F36D53E8B9E7}.Release|x86.ActiveCfg = Release|x86
		{203E203C-9025-4D3F-BAD7-F36D53E8B9E7}.Release|x86.Build.0 = Release|x86
		{A3C55947-1D21-401B-802C-DBF156061B3E}.Debug|Any CPU.ActiveCfg = Debug|Any CPU
		{A3C55947-1D21-401B-802C-DBF156061B3E}.Debug|Any CPU.Build.0 = Debug|Any CPU
		{A3C55947-1D21-401B-802C-DBF156061B3E}.Debug|x64.ActiveCfg = Debug|x64
		{A3C55947-1D21-401B-802C-DBF156061B3E}.Debug|x64.Build.0 = Debug|x64
		{A3C55947-1D21-401B-802C-DBF156061B3E}.Debug|x86.ActiveCfg = Debug|x86
		{A3C55947-1D21-401B-802C-DBF156061B3E}.Debug|x86.Build.0 = Debug|x86
		{A3C55947-1D21-401B-802C-DBF156061B3E}.Release|Any CPU.ActiveCfg = Release|Any CPU
		{A3C55947-1D21-401B-802C-DBF156061B3E}.Release|Any CPU.Build.0 = Release|Any CPU
		{A3C55947-1D21-401B-802C-DBF156061B3E}.Release|x64.ActiveCfg = Release|x64
		{A3C55947-1D21-401B-802C-DBF156061B3E}.Release|x64.Build.0 = Release|x64
		{A3C55947-1D21-401B-802C-DBF156061B3E}.Release|x86.ActiveCfg = Release|x86
		{A3C55947-1D21-401B-802C-DBF156061B3E}.Release|x86.Build.0 = Release|x86
		{1048A7F0-7617-4B04-9A0A-69A7083ECB10}.Debug|Any CPU.ActiveCfg = Debug|Any CPU
		{1048A7F0-7617-4B04-9A0A-69A7083ECB10}.Debug|Any CPU.Build.0 = Debug|Any CPU
		{1048A7F0-7617-4B04-9A0A-69A7083ECB10}.Debug|x64.ActiveCfg = Debug|Any CPU
		{1048A7F0-7617-4B04-9A0A-69A7083ECB10}.Debug|x64.Build.0 = Debug|Any CPU
		{1048A7F0-7617-4B04-9A0A-69A7083ECB10}.Debug|x86.ActiveCfg = Debug|Any CPU
		{1048A7F0-7617-4B04-9A0A-69A7083ECB10}.Debug|x86.Build.0 = Debug|Any CPU
		{1048A7F0-7617-4B04-9A0A-69A7083ECB10}.Release|Any CPU.ActiveCfg = Release|Any CPU
		{1048A7F0-7617-4B04-9A0A-69A7083ECB10}.Release|Any CPU.Build.0 = Release|Any CPU
		{1048A7F0-7617-4B04-9A0A-69A7083ECB10}.Release|x64.ActiveCfg = Release|Any CPU
		{1048A7F0-7617-4B04-9A0A-69A7083ECB10}.Release|x64.Build.0 = Release|Any CPU
		{1048A7F0-7617-4B04-9A0A-69A7083ECB10}.Release|x86.ActiveCfg = Release|Any CPU
		{1048A7F0-7617-4B04-9A0A-69A7083ECB10}.Release|x86.Build.0 = Release|Any CPU
		{BF030715-F2A8-4F1F-B36D-E2EF9D1DFA94}.Debug|Any CPU.ActiveCfg = Debug|Any CPU
		{BF030715-F2A8-4F1F-B36D-E2EF9D1DFA94}.Debug|Any CPU.Build.0 = Debug|Any CPU
		{BF030715-F2A8-4F1F-B36D-E2EF9D1DFA94}.Debug|x64.ActiveCfg = Debug|Any CPU
		{BF030715-F2A8-4F1F-B36D-E2EF9D1DFA94}.Debug|x64.Build.0 = Debug|Any CPU
		{BF030715-F2A8-4F1F-B36D-E2EF9D1DFA94}.Debug|x86.ActiveCfg = Debug|Any CPU
		{BF030715-F2A8-4F1F-B36D-E2EF9D1DFA94}.Debug|x86.Build.0 = Debug|Any CPU
		{BF030715-F2A8-4F1F-B36D-E2EF9D1DFA94}.Release|Any CPU.ActiveCfg = Release|Any CPU
		{BF030715-F2A8-4F1F-B36D-E2EF9D1DFA94}.Release|Any CPU.Build.0 = Release|Any CPU
		{BF030715-F2A8-4F1F-B36D-E2EF9D1DFA94}.Release|x64.ActiveCfg = Release|Any CPU
		{BF030715-F2A8-4F1F-B36D-E2EF9D1DFA94}.Release|x64.Build.0 = Release|Any CPU
		{BF030715-F2A8-4F1F-B36D-E2EF9D1DFA94}.Release|x86.ActiveCfg = Release|Any CPU
		{BF030715-F2A8-4F1F-B36D-E2EF9D1DFA94}.Release|x86.Build.0 = Release|Any CPU
		{FD6EC410-7CA9-45FE-BD8A-8C3E5F8DC998}.Debug|Any CPU.ActiveCfg = Debug|Any CPU
		{FD6EC410-7CA9-45FE-BD8A-8C3E5F8DC998}.Debug|Any CPU.Build.0 = Debug|Any CPU
		{FD6EC410-7CA9-45FE-BD8A-8C3E5F8DC998}.Debug|Any CPU.Deploy.0 = Debug|Any CPU
		{FD6EC410-7CA9-45FE-BD8A-8C3E5F8DC998}.Debug|x64.ActiveCfg = Debug|Any CPU
		{FD6EC410-7CA9-45FE-BD8A-8C3E5F8DC998}.Debug|x64.Build.0 = Debug|Any CPU
		{FD6EC410-7CA9-45FE-BD8A-8C3E5F8DC998}.Debug|x64.Deploy.0 = Debug|Any CPU
		{FD6EC410-7CA9-45FE-BD8A-8C3E5F8DC998}.Debug|x86.ActiveCfg = Debug|Any CPU
		{FD6EC410-7CA9-45FE-BD8A-8C3E5F8DC998}.Debug|x86.Build.0 = Debug|Any CPU
		{FD6EC410-7CA9-45FE-BD8A-8C3E5F8DC998}.Debug|x86.Deploy.0 = Debug|Any CPU
		{FD6EC410-7CA9-45FE-BD8A-8C3E5F8DC998}.Release|Any CPU.ActiveCfg = Release|Any CPU
		{FD6EC410-7CA9-45FE-BD8A-8C3E5F8DC998}.Release|Any CPU.Build.0 = Release|Any CPU
		{FD6EC410-7CA9-45FE-BD8A-8C3E5F8DC998}.Release|Any CPU.Deploy.0 = Release|Any CPU
		{FD6EC410-7CA9-45FE-BD8A-8C3E5F8DC998}.Release|x64.ActiveCfg = Release|Any CPU
		{FD6EC410-7CA9-45FE-BD8A-8C3E5F8DC998}.Release|x64.Build.0 = Release|Any CPU
		{FD6EC410-7CA9-45FE-BD8A-8C3E5F8DC998}.Release|x64.Deploy.0 = Release|Any CPU
		{FD6EC410-7CA9-45FE-BD8A-8C3E5F8DC998}.Release|x86.ActiveCfg = Release|Any CPU
		{FD6EC410-7CA9-45FE-BD8A-8C3E5F8DC998}.Release|x86.Build.0 = Release|Any CPU
		{FD6EC410-7CA9-45FE-BD8A-8C3E5F8DC998}.Release|x86.Deploy.0 = Release|Any CPU
		{8987515A-66F8-42DC-B252-9B06CDB3DD6A}.Debug|Any CPU.ActiveCfg = Debug|Any CPU
		{8987515A-66F8-42DC-B252-9B06CDB3DD6A}.Debug|Any CPU.Build.0 = Debug|Any CPU
		{8987515A-66F8-42DC-B252-9B06CDB3DD6A}.Debug|x64.ActiveCfg = Debug|Any CPU
		{8987515A-66F8-42DC-B252-9B06CDB3DD6A}.Debug|x64.Build.0 = Debug|Any CPU
		{8987515A-66F8-42DC-B252-9B06CDB3DD6A}.Debug|x86.ActiveCfg = Debug|Any CPU
		{8987515A-66F8-42DC-B252-9B06CDB3DD6A}.Debug|x86.Build.0 = Debug|Any CPU
		{8987515A-66F8-42DC-B252-9B06CDB3DD6A}.Release|Any CPU.ActiveCfg = Release|Any CPU
		{8987515A-66F8-42DC-B252-9B06CDB3DD6A}.Release|Any CPU.Build.0 = Release|Any CPU
		{8987515A-66F8-42DC-B252-9B06CDB3DD6A}.Release|x64.ActiveCfg = Release|Any CPU
		{8987515A-66F8-42DC-B252-9B06CDB3DD6A}.Release|x64.Build.0 = Release|Any CPU
		{8987515A-66F8-42DC-B252-9B06CDB3DD6A}.Release|x86.ActiveCfg = Release|Any CPU
		{8987515A-66F8-42DC-B252-9B06CDB3DD6A}.Release|x86.Build.0 = Release|Any CPU
		{E08CD244-4DE0-42A3-8084-203302A37E75}.Debug|Any CPU.ActiveCfg = Debug|Any CPU
		{E08CD244-4DE0-42A3-8084-203302A37E75}.Debug|Any CPU.Build.0 = Debug|Any CPU
		{E08CD244-4DE0-42A3-8084-203302A37E75}.Debug|x64.ActiveCfg = Debug|Any CPU
		{E08CD244-4DE0-42A3-8084-203302A37E75}.Debug|x64.Build.0 = Debug|Any CPU
		{E08CD244-4DE0-42A3-8084-203302A37E75}.Debug|x86.ActiveCfg = Debug|Any CPU
		{E08CD244-4DE0-42A3-8084-203302A37E75}.Debug|x86.Build.0 = Debug|Any CPU
		{E08CD244-4DE0-42A3-8084-203302A37E75}.Release|Any CPU.ActiveCfg = Release|Any CPU
		{E08CD244-4DE0-42A3-8084-203302A37E75}.Release|Any CPU.Build.0 = Release|Any CPU
		{E08CD244-4DE0-42A3-8084-203302A37E75}.Release|x64.ActiveCfg = Release|Any CPU
		{E08CD244-4DE0-42A3-8084-203302A37E75}.Release|x64.Build.0 = Release|Any CPU
		{E08CD244-4DE0-42A3-8084-203302A37E75}.Release|x86.ActiveCfg = Release|Any CPU
		{E08CD244-4DE0-42A3-8084-203302A37E75}.Release|x86.Build.0 = Release|Any CPU
		{F8B8E31B-958C-4D55-9A71-B734F5147FE5}.Debug|Any CPU.ActiveCfg = Debug|Any CPU
		{F8B8E31B-958C-4D55-9A71-B734F5147FE5}.Debug|Any CPU.Build.0 = Debug|Any CPU
		{F8B8E31B-958C-4D55-9A71-B734F5147FE5}.Debug|x64.ActiveCfg = Debug|Any CPU
		{F8B8E31B-958C-4D55-9A71-B734F5147FE5}.Debug|x64.Build.0 = Debug|Any CPU
		{F8B8E31B-958C-4D55-9A71-B734F5147FE5}.Debug|x86.ActiveCfg = Debug|Any CPU
		{F8B8E31B-958C-4D55-9A71-B734F5147FE5}.Debug|x86.Build.0 = Debug|Any CPU
		{F8B8E31B-958C-4D55-9A71-B734F5147FE5}.Release|Any CPU.ActiveCfg = Release|Any CPU
		{F8B8E31B-958C-4D55-9A71-B734F5147FE5}.Release|Any CPU.Build.0 = Release|Any CPU
		{F8B8E31B-958C-4D55-9A71-B734F5147FE5}.Release|x64.ActiveCfg = Release|Any CPU
		{F8B8E31B-958C-4D55-9A71-B734F5147FE5}.Release|x64.Build.0 = Release|Any CPU
		{F8B8E31B-958C-4D55-9A71-B734F5147FE5}.Release|x86.ActiveCfg = Release|Any CPU
		{F8B8E31B-958C-4D55-9A71-B734F5147FE5}.Release|x86.Build.0 = Release|Any CPU
		{6275BE7F-0B56-4365-9F25-0D6D3707F69F}.Debug|Any CPU.ActiveCfg = Debug|Any CPU
		{6275BE7F-0B56-4365-9F25-0D6D3707F69F}.Debug|Any CPU.Build.0 = Debug|Any CPU
		{6275BE7F-0B56-4365-9F25-0D6D3707F69F}.Debug|x64.ActiveCfg = Debug|Any CPU
		{6275BE7F-0B56-4365-9F25-0D6D3707F69F}.Debug|x64.Build.0 = Debug|Any CPU
		{6275BE7F-0B56-4365-9F25-0D6D3707F69F}.Debug|x86.ActiveCfg = Debug|Any CPU
		{6275BE7F-0B56-4365-9F25-0D6D3707F69F}.Debug|x86.Build.0 = Debug|Any CPU
		{6275BE7F-0B56-4365-9F25-0D6D3707F69F}.Release|Any CPU.ActiveCfg = Release|Any CPU
		{6275BE7F-0B56-4365-9F25-0D6D3707F69F}.Release|Any CPU.Build.0 = Release|Any CPU
		{6275BE7F-0B56-4365-9F25-0D6D3707F69F}.Release|x64.ActiveCfg = Release|Any CPU
		{6275BE7F-0B56-4365-9F25-0D6D3707F69F}.Release|x64.Build.0 = Release|Any CPU
		{6275BE7F-0B56-4365-9F25-0D6D3707F69F}.Release|x86.ActiveCfg = Release|Any CPU
		{6275BE7F-0B56-4365-9F25-0D6D3707F69F}.Release|x86.Build.0 = Release|Any CPU
		{E57E125B-0F46-4DEE-BC31-AD1B1E76EBC7}.Debug|Any CPU.ActiveCfg = Debug|Any CPU
		{E57E125B-0F46-4DEE-BC31-AD1B1E76EBC7}.Debug|Any CPU.Build.0 = Debug|Any CPU
		{E57E125B-0F46-4DEE-BC31-AD1B1E76EBC7}.Debug|x64.ActiveCfg = Debug|Any CPU
		{E57E125B-0F46-4DEE-BC31-AD1B1E76EBC7}.Debug|x64.Build.0 = Debug|Any CPU
		{E57E125B-0F46-4DEE-BC31-AD1B1E76EBC7}.Debug|x86.ActiveCfg = Debug|Any CPU
		{E57E125B-0F46-4DEE-BC31-AD1B1E76EBC7}.Debug|x86.Build.0 = Debug|Any CPU
		{E57E125B-0F46-4DEE-BC31-AD1B1E76EBC7}.Release|Any CPU.ActiveCfg = Release|Any CPU
		{E57E125B-0F46-4DEE-BC31-AD1B1E76EBC7}.Release|Any CPU.Build.0 = Release|Any CPU
		{E57E125B-0F46-4DEE-BC31-AD1B1E76EBC7}.Release|x64.ActiveCfg = Release|Any CPU
		{E57E125B-0F46-4DEE-BC31-AD1B1E76EBC7}.Release|x64.Build.0 = Release|Any CPU
		{E57E125B-0F46-4DEE-BC31-AD1B1E76EBC7}.Release|x86.ActiveCfg = Release|Any CPU
		{E57E125B-0F46-4DEE-BC31-AD1B1E76EBC7}.Release|x86.Build.0 = Release|Any CPU
		{FB7925A3-D54A-459C-A4EC-BC763C55F93D}.Debug|Any CPU.ActiveCfg = Debug|Any CPU
		{FB7925A3-D54A-459C-A4EC-BC763C55F93D}.Debug|Any CPU.Build.0 = Debug|Any CPU
		{FB7925A3-D54A-459C-A4EC-BC763C55F93D}.Debug|x64.ActiveCfg = Debug|Any CPU
		{FB7925A3-D54A-459C-A4EC-BC763C55F93D}.Debug|x64.Build.0 = Debug|Any CPU
		{FB7925A3-D54A-459C-A4EC-BC763C55F93D}.Debug|x86.ActiveCfg = Debug|Any CPU
		{FB7925A3-D54A-459C-A4EC-BC763C55F93D}.Debug|x86.Build.0 = Debug|Any CPU
		{FB7925A3-D54A-459C-A4EC-BC763C55F93D}.Release|Any CPU.ActiveCfg = Release|Any CPU
		{FB7925A3-D54A-459C-A4EC-BC763C55F93D}.Release|Any CPU.Build.0 = Release|Any CPU
		{FB7925A3-D54A-459C-A4EC-BC763C55F93D}.Release|x64.ActiveCfg = Release|Any CPU
		{FB7925A3-D54A-459C-A4EC-BC763C55F93D}.Release|x64.Build.0 = Release|Any CPU
		{FB7925A3-D54A-459C-A4EC-BC763C55F93D}.Release|x86.ActiveCfg = Release|Any CPU
		{FB7925A3-D54A-459C-A4EC-BC763C55F93D}.Release|x86.Build.0 = Release|Any CPU
		{3F772937-556D-4D1E-8EE3-2E68EACEAA81}.Debug|Any CPU.ActiveCfg = Debug|Any CPU
		{3F772937-556D-4D1E-8EE3-2E68EACEAA81}.Debug|Any CPU.Build.0 = Debug|Any CPU
		{3F772937-556D-4D1E-8EE3-2E68EACEAA81}.Debug|x64.ActiveCfg = Debug|Any CPU
		{3F772937-556D-4D1E-8EE3-2E68EACEAA81}.Debug|x64.Build.0 = Debug|Any CPU
		{3F772937-556D-4D1E-8EE3-2E68EACEAA81}.Debug|x86.ActiveCfg = Debug|Any CPU
		{3F772937-556D-4D1E-8EE3-2E68EACEAA81}.Debug|x86.Build.0 = Debug|Any CPU
		{3F772937-556D-4D1E-8EE3-2E68EACEAA81}.Release|Any CPU.ActiveCfg = Release|Any CPU
		{3F772937-556D-4D1E-8EE3-2E68EACEAA81}.Release|Any CPU.Build.0 = Release|Any CPU
		{3F772937-556D-4D1E-8EE3-2E68EACEAA81}.Release|x64.ActiveCfg = Release|Any CPU
		{3F772937-556D-4D1E-8EE3-2E68EACEAA81}.Release|x64.Build.0 = Release|Any CPU
		{3F772937-556D-4D1E-8EE3-2E68EACEAA81}.Release|x86.ActiveCfg = Release|Any CPU
		{3F772937-556D-4D1E-8EE3-2E68EACEAA81}.Release|x86.Build.0 = Release|Any CPU
		{DA8D4376-3E49-4567-92C2-BD77913B40D9}.Debug|Any CPU.ActiveCfg = Debug|Any CPU
		{DA8D4376-3E49-4567-92C2-BD77913B40D9}.Debug|Any CPU.Build.0 = Debug|Any CPU
		{DA8D4376-3E49-4567-92C2-BD77913B40D9}.Debug|x64.ActiveCfg = Debug|Any CPU
		{DA8D4376-3E49-4567-92C2-BD77913B40D9}.Debug|x64.Build.0 = Debug|Any CPU
		{DA8D4376-3E49-4567-92C2-BD77913B40D9}.Debug|x86.ActiveCfg = Debug|Any CPU
		{DA8D4376-3E49-4567-92C2-BD77913B40D9}.Debug|x86.Build.0 = Debug|Any CPU
		{DA8D4376-3E49-4567-92C2-BD77913B40D9}.Release|Any CPU.ActiveCfg = Release|Any CPU
		{DA8D4376-3E49-4567-92C2-BD77913B40D9}.Release|Any CPU.Build.0 = Release|Any CPU
		{DA8D4376-3E49-4567-92C2-BD77913B40D9}.Release|x64.ActiveCfg = Release|Any CPU
		{DA8D4376-3E49-4567-92C2-BD77913B40D9}.Release|x64.Build.0 = Release|Any CPU
		{DA8D4376-3E49-4567-92C2-BD77913B40D9}.Release|x86.ActiveCfg = Release|Any CPU
		{DA8D4376-3E49-4567-92C2-BD77913B40D9}.Release|x86.Build.0 = Release|Any CPU
		{000925F7-9840-4F52-9E29-9C3D7C78D099}.Debug|Any CPU.ActiveCfg = Debug|Any CPU
		{000925F7-9840-4F52-9E29-9C3D7C78D099}.Debug|Any CPU.Build.0 = Debug|Any CPU
		{000925F7-9840-4F52-9E29-9C3D7C78D099}.Debug|x64.ActiveCfg = Debug|Any CPU
		{000925F7-9840-4F52-9E29-9C3D7C78D099}.Debug|x64.Build.0 = Debug|Any CPU
		{000925F7-9840-4F52-9E29-9C3D7C78D099}.Debug|x86.ActiveCfg = Debug|Any CPU
		{000925F7-9840-4F52-9E29-9C3D7C78D099}.Debug|x86.Build.0 = Debug|Any CPU
		{000925F7-9840-4F52-9E29-9C3D7C78D099}.Release|Any CPU.ActiveCfg = Release|Any CPU
		{000925F7-9840-4F52-9E29-9C3D7C78D099}.Release|Any CPU.Build.0 = Release|Any CPU
		{000925F7-9840-4F52-9E29-9C3D7C78D099}.Release|x64.ActiveCfg = Release|Any CPU
		{000925F7-9840-4F52-9E29-9C3D7C78D099}.Release|x64.Build.0 = Release|Any CPU
		{000925F7-9840-4F52-9E29-9C3D7C78D099}.Release|x86.ActiveCfg = Release|Any CPU
		{000925F7-9840-4F52-9E29-9C3D7C78D099}.Release|x86.Build.0 = Release|Any CPU
		{220858D8-DBA0-4CFD-B5E9-C11E4A0C1B37}.Debug|Any CPU.ActiveCfg = Debug|Any CPU
		{220858D8-DBA0-4CFD-B5E9-C11E4A0C1B37}.Debug|Any CPU.Build.0 = Debug|Any CPU
		{220858D8-DBA0-4CFD-B5E9-C11E4A0C1B37}.Debug|x64.ActiveCfg = Debug|Any CPU
		{220858D8-DBA0-4CFD-B5E9-C11E4A0C1B37}.Debug|x64.Build.0 = Debug|Any CPU
		{220858D8-DBA0-4CFD-B5E9-C11E4A0C1B37}.Debug|x86.ActiveCfg = Debug|Any CPU
		{220858D8-DBA0-4CFD-B5E9-C11E4A0C1B37}.Debug|x86.Build.0 = Debug|Any CPU
		{220858D8-DBA0-4CFD-B5E9-C11E4A0C1B37}.Release|Any CPU.ActiveCfg = Release|Any CPU
		{220858D8-DBA0-4CFD-B5E9-C11E4A0C1B37}.Release|Any CPU.Build.0 = Release|Any CPU
		{220858D8-DBA0-4CFD-B5E9-C11E4A0C1B37}.Release|x64.ActiveCfg = Release|Any CPU
		{220858D8-DBA0-4CFD-B5E9-C11E4A0C1B37}.Release|x64.Build.0 = Release|Any CPU
		{220858D8-DBA0-4CFD-B5E9-C11E4A0C1B37}.Release|x86.ActiveCfg = Release|Any CPU
		{220858D8-DBA0-4CFD-B5E9-C11E4A0C1B37}.Release|x86.Build.0 = Release|Any CPU
		{DB11AA7C-71E7-4E9F-9EB5-911DD873F13F}.Debug|Any CPU.ActiveCfg = Debug|Any CPU
		{DB11AA7C-71E7-4E9F-9EB5-911DD873F13F}.Debug|Any CPU.Build.0 = Debug|Any CPU
		{DB11AA7C-71E7-4E9F-9EB5-911DD873F13F}.Debug|x64.ActiveCfg = Debug|Any CPU
		{DB11AA7C-71E7-4E9F-9EB5-911DD873F13F}.Debug|x64.Build.0 = Debug|Any CPU
		{DB11AA7C-71E7-4E9F-9EB5-911DD873F13F}.Debug|x86.ActiveCfg = Debug|Any CPU
		{DB11AA7C-71E7-4E9F-9EB5-911DD873F13F}.Debug|x86.Build.0 = Debug|Any CPU
		{DB11AA7C-71E7-4E9F-9EB5-911DD873F13F}.Release|Any CPU.ActiveCfg = Release|Any CPU
		{DB11AA7C-71E7-4E9F-9EB5-911DD873F13F}.Release|Any CPU.Build.0 = Release|Any CPU
		{DB11AA7C-71E7-4E9F-9EB5-911DD873F13F}.Release|x64.ActiveCfg = Release|Any CPU
		{DB11AA7C-71E7-4E9F-9EB5-911DD873F13F}.Release|x64.Build.0 = Release|Any CPU
		{DB11AA7C-71E7-4E9F-9EB5-911DD873F13F}.Release|x86.ActiveCfg = Release|Any CPU
		{DB11AA7C-71E7-4E9F-9EB5-911DD873F13F}.Release|x86.Build.0 = Release|Any CPU
		{B35D3674-093D-4B16-BD0D-57AF7E60433D}.Debug|Any CPU.ActiveCfg = Debug|Any CPU
		{B35D3674-093D-4B16-BD0D-57AF7E60433D}.Debug|Any CPU.Build.0 = Debug|Any CPU
		{B35D3674-093D-4B16-BD0D-57AF7E60433D}.Debug|x64.ActiveCfg = Debug|Any CPU
		{B35D3674-093D-4B16-BD0D-57AF7E60433D}.Debug|x64.Build.0 = Debug|Any CPU
		{B35D3674-093D-4B16-BD0D-57AF7E60433D}.Debug|x86.ActiveCfg = Debug|Any CPU
		{B35D3674-093D-4B16-BD0D-57AF7E60433D}.Debug|x86.Build.0 = Debug|Any CPU
		{B35D3674-093D-4B16-BD0D-57AF7E60433D}.Release|Any CPU.ActiveCfg = Release|Any CPU
		{B35D3674-093D-4B16-BD0D-57AF7E60433D}.Release|Any CPU.Build.0 = Release|Any CPU
		{B35D3674-093D-4B16-BD0D-57AF7E60433D}.Release|x64.ActiveCfg = Release|Any CPU
		{B35D3674-093D-4B16-BD0D-57AF7E60433D}.Release|x64.Build.0 = Release|Any CPU
		{B35D3674-093D-4B16-BD0D-57AF7E60433D}.Release|x86.ActiveCfg = Release|Any CPU
		{B35D3674-093D-4B16-BD0D-57AF7E60433D}.Release|x86.Build.0 = Release|Any CPU
		{D2B6D755-AE76-4389-B49F-8A7CBA1ECE26}.Debug|Any CPU.ActiveCfg = Debug|Any CPU
		{D2B6D755-AE76-4389-B49F-8A7CBA1ECE26}.Debug|Any CPU.Build.0 = Debug|Any CPU
		{D2B6D755-AE76-4389-B49F-8A7CBA1ECE26}.Debug|x64.ActiveCfg = Debug|Any CPU
		{D2B6D755-AE76-4389-B49F-8A7CBA1ECE26}.Debug|x64.Build.0 = Debug|Any CPU
		{D2B6D755-AE76-4389-B49F-8A7CBA1ECE26}.Debug|x86.ActiveCfg = Debug|Any CPU
		{D2B6D755-AE76-4389-B49F-8A7CBA1ECE26}.Debug|x86.Build.0 = Debug|Any CPU
		{D2B6D755-AE76-4389-B49F-8A7CBA1ECE26}.Release|Any CPU.ActiveCfg = Release|Any CPU
		{D2B6D755-AE76-4389-B49F-8A7CBA1ECE26}.Release|Any CPU.Build.0 = Release|Any CPU
		{D2B6D755-AE76-4389-B49F-8A7CBA1ECE26}.Release|x64.ActiveCfg = Release|Any CPU
		{D2B6D755-AE76-4389-B49F-8A7CBA1ECE26}.Release|x64.Build.0 = Release|Any CPU
		{D2B6D755-AE76-4389-B49F-8A7CBA1ECE26}.Release|x86.ActiveCfg = Release|Any CPU
		{D2B6D755-AE76-4389-B49F-8A7CBA1ECE26}.Release|x86.Build.0 = Release|Any CPU
		{F72093BB-B3A1-4BEC-BFB5-4090A088310F}.Debug|Any CPU.ActiveCfg = Debug|Any CPU
		{F72093BB-B3A1-4BEC-BFB5-4090A088310F}.Debug|Any CPU.Build.0 = Debug|Any CPU
		{F72093BB-B3A1-4BEC-BFB5-4090A088310F}.Debug|x64.ActiveCfg = Debug|Any CPU
		{F72093BB-B3A1-4BEC-BFB5-4090A088310F}.Debug|x64.Build.0 = Debug|Any CPU
		{F72093BB-B3A1-4BEC-BFB5-4090A088310F}.Debug|x86.ActiveCfg = Debug|Any CPU
		{F72093BB-B3A1-4BEC-BFB5-4090A088310F}.Debug|x86.Build.0 = Debug|Any CPU
		{F72093BB-B3A1-4BEC-BFB5-4090A088310F}.Release|Any CPU.ActiveCfg = Release|Any CPU
		{F72093BB-B3A1-4BEC-BFB5-4090A088310F}.Release|Any CPU.Build.0 = Release|Any CPU
		{F72093BB-B3A1-4BEC-BFB5-4090A088310F}.Release|x64.ActiveCfg = Release|Any CPU
		{F72093BB-B3A1-4BEC-BFB5-4090A088310F}.Release|x64.Build.0 = Release|Any CPU
		{F72093BB-B3A1-4BEC-BFB5-4090A088310F}.Release|x86.ActiveCfg = Release|Any CPU
		{F72093BB-B3A1-4BEC-BFB5-4090A088310F}.Release|x86.Build.0 = Release|Any CPU
		{8C67D585-B1E7-4600-8371-8CA37076EE47}.Debug|Any CPU.ActiveCfg = Debug|Any CPU
		{8C67D585-B1E7-4600-8371-8CA37076EE47}.Debug|Any CPU.Build.0 = Debug|Any CPU
		{8C67D585-B1E7-4600-8371-8CA37076EE47}.Debug|x64.ActiveCfg = Debug|Any CPU
		{8C67D585-B1E7-4600-8371-8CA37076EE47}.Debug|x64.Build.0 = Debug|Any CPU
		{8C67D585-B1E7-4600-8371-8CA37076EE47}.Debug|x86.ActiveCfg = Debug|Any CPU
		{8C67D585-B1E7-4600-8371-8CA37076EE47}.Debug|x86.Build.0 = Debug|Any CPU
		{8C67D585-B1E7-4600-8371-8CA37076EE47}.Release|Any CPU.ActiveCfg = Release|Any CPU
		{8C67D585-B1E7-4600-8371-8CA37076EE47}.Release|Any CPU.Build.0 = Release|Any CPU
		{8C67D585-B1E7-4600-8371-8CA37076EE47}.Release|x64.ActiveCfg = Release|Any CPU
		{8C67D585-B1E7-4600-8371-8CA37076EE47}.Release|x64.Build.0 = Release|Any CPU
		{8C67D585-B1E7-4600-8371-8CA37076EE47}.Release|x86.ActiveCfg = Release|Any CPU
		{8C67D585-B1E7-4600-8371-8CA37076EE47}.Release|x86.Build.0 = Release|Any CPU
	EndGlobalSection
	GlobalSection(SolutionProperties) = preSolution
		HideSolutionNode = FALSE
	EndGlobalSection
EndGlobal
